PODS:
  - Masonry (1.1.0)
  - ZWQRCodeModule (0.0.1):
    - Masonry

DEPENDENCIES:
  - ZWQRCodeModule (from `../`)

SPEC REPOS:
  trunk:
    - Masonry

EXTERNAL SOURCES:
  ZWQRCodeModule:
    :path: "../"

SPEC CHECKSUMS:
  Masonry: 678fab65091a9290e40e2832a55e7ab731aad201
  ZWQRCodeModule: 04f877e6dd422d54db89f4b2bf4f7a3837a4de40

PODFILE CHECKSUM: 17932ecab4a3bd7e1e443c2dd64274d56542df02

COCOAPODS: 1.8.4
